// !$*UTF8*$!
{
	archiveVersion = 1;
	classes = {
	};
	objectVersion = 50;
	objects = {

/* Begin PBXBuildFile section */
		C512E5FB20FD1C96004E8F82 /* AppDelegate.m in Sources */ = {isa = PBXBuildFile; fileRef = C512E5FA20FD1C96004E8F82 /* AppDelegate.m */; };
		C512E5FE20FD1C96004E8F82 /* ViewController.m in Sources */ = {isa = PBXBuildFile; fileRef = C512E5FD20FD1C96004E8F82 /* ViewController.m */; };
		C512E60120FD1C96004E8F82 /* Main.storyboard in Resources */ = {isa = PBXBuildFile; fileRef = C512E5FF20FD1C96004E8F82 /* Main.storyboard */; };
		C512E60320FD1C97004E8F82 /* Assets.xcassets in Resources */ = {isa = PBXBuildFile; fileRef = C512E60220FD1C97004E8F82 /* Assets.xcassets */; };
		C512E60620FD1C97004E8F82 /* LaunchScreen.storyboard in Resources */ = {isa = PBXBuildFile; fileRef = C512E60420FD1C97004E8F82 /* LaunchScreen.storyboard */; };
		C512E60920FD1C97004E8F82 /* main.m in Sources */ = {isa = PBXBuildFile; fileRef = C512E60820FD1C97004E8F82 /* main.m */; };
		C512E61320FD1C97004E8F82 /* DreamerTests.m in Sources */ = {isa = PBXBuildFile; fileRef = C512E61220FD1C97004E8F82 /* DreamerTests.m */; };
		C512E61E20FD1C97004E8F82 /* DreamerUITests.m in Sources */ = {isa = PBXBuildFile; fileRef = C512E61D20FD1C97004E8F82 /* DreamerUITests.m */; };
		C53CFDEE21004CE000A8EF6A /* user_icon.png in Resources */ = {isa = PBXBuildFile; fileRef = C53CFDED21004CE000A8EF6A /* user_icon.png */; };
		C53CFDEF21004CE000A8EF6A /* user_icon.png in Resources */ = {isa = PBXBuildFile; fileRef = C53CFDED21004CE000A8EF6A /* user_icon.png */; };
		C53CFDF021004CE000A8EF6A /* user_icon.png in Resources */ = {isa = PBXBuildFile; fileRef = C53CFDED21004CE000A8EF6A /* user_icon.png */; };
		C53CFDF32104F19400A8EF6A /* mainViewController.m in Sources */ = {isa = PBXBuildFile; fileRef = C53CFDF22104F19400A8EF6A /* mainViewController.m */; };
		C53CFDFC210511D600A8EF6A /* mainFeedTableViewCell.xib in Resources */ = {isa = PBXBuildFile; fileRef = C53CFDFB210511D600A8EF6A /* mainFeedTableViewCell.xib */; };
		C53CFDFF2105127200A8EF6A /* mainFeedTableViewCell.m in Sources */ = {isa = PBXBuildFile; fileRef = C53CFDFE2105127200A8EF6A /* mainFeedTableViewCell.m */; };
		C53CFE012106A36A00A8EF6A /* globe_Dreamer.png in Resources */ = {isa = PBXBuildFile; fileRef = C53CFE002106A36A00A8EF6A /* globe_Dreamer.png */; };
		C54F3567211E0E9200251551 /* heart.png in Resources */ = {isa = PBXBuildFile; fileRef = C54F3566211E0E9100251551 /* heart.png */; };
		C54F3569211E0E9500251551 /* redo.png in Resources */ = {isa = PBXBuildFile; fileRef = C54F3568211E0E9500251551 /* redo.png */; };
		C574FA2421080604000881D1 /* user-icon.png in Resources */ = {isa = PBXBuildFile; fileRef = C574FA2321080604000881D1 /* user-icon.png */; };
		C5819CBE211B4F740008160C /* back_button.png in Resources */ = {isa = PBXBuildFile; fileRef = C5819CBD211B4F740008160C /* back_button.png */; };
		C5868E52210A70A300E46C44 /* RootViewController.m in Sources */ = {isa = PBXBuildFile; fileRef = C5868E51210A70A300E46C44 /* RootViewController.m */; };
		C5944CD6211C9A8400533059 /* UserViewOfProfileViewController.m in Sources */ = {isa = PBXBuildFile; fileRef = C5944CD5211C9A8400533059 /* UserViewOfProfileViewController.m */; };
		C5AB8A43211D1FCF0050D130 /* SignInViewController.m in Sources */ = {isa = PBXBuildFile; fileRef = C5AB8A42211D1FCF0050D130 /* SignInViewController.m */; };
		C5AB8A46211D23BD0050D130 /* CreateNewAccountViewController.m in Sources */ = {isa = PBXBuildFile; fileRef = C5AB8A45211D23BD0050D130 /* CreateNewAccountViewController.m */; };
		C5C2475F211B8E1900598D5E /* CampaignPageViewController.m in Sources */ = {isa = PBXBuildFile; fileRef = C5C2475E211B8E1900598D5E /* CampaignPageViewController.m */; };
		C5CB58EB2112B8400088B04A /* ExternalContent_Location_1.storyboard in Resources */ = {isa = PBXBuildFile; fileRef = C5CB58EA2112B8400088B04A /* ExternalContent_Location_1.storyboard */; };
		C5CB58EE2112BBD80088B04A /* CreateCampaignViewController.m in Sources */ = {isa = PBXBuildFile; fileRef = C5CB58ED2112BBD80088B04A /* CreateCampaignViewController.m */; };
		C5CDEB592107B1450021807E /* ProfileViewController.m in Sources */ = {isa = PBXBuildFile; fileRef = C5CDEB582107B1450021807E /* ProfileViewController.m */; };
		C5CDEB5D2107B28D0021807E /* ProfileTableViewCell.m in Sources */ = {isa = PBXBuildFile; fileRef = C5CDEB5B2107B28D0021807E /* ProfileTableViewCell.m */; };
		C5CDEB5E2107B28D0021807E /* ProfileTableViewCell.xib in Resources */ = {isa = PBXBuildFile; fileRef = C5CDEB5C2107B28D0021807E /* ProfileTableViewCell.xib */; };
		C5E84B3E211CC5DC00CCD4F1 /* ContributeViewController.m in Sources */ = {isa = PBXBuildFile; fileRef = C5E84B3D211CC5DC00CCD4F1 /* ContributeViewController.m */; };
		C5FAA665211A31AF0069F9AE /* PortfolioViewController.m in Sources */ = {isa = PBXBuildFile; fileRef = C5FAA664211A31AF0069F9AE /* PortfolioViewController.m */; };
		C5FAA66B211A35030069F9AE /* ContributorsTableViewCell.m in Sources */ = {isa = PBXBuildFile; fileRef = C5FAA669211A35030069F9AE /* ContributorsTableViewCell.m */; };
		C5FAA66C211A35030069F9AE /* ContributorsTableViewCell.xib in Resources */ = {isa = PBXBuildFile; fileRef = C5FAA66A211A35030069F9AE /* ContributorsTableViewCell.xib */; };
/* End PBXBuildFile section */

/* Begin PBXContainerItemProxy section */
		C512E60F20FD1C97004E8F82 /* PBXContainerItemProxy */ = {
			isa = PBXContainerItemProxy;
			containerPortal = C512E5EE20FD1C96004E8F82 /* Project object */;
			proxyType = 1;
			remoteGlobalIDString = C512E5F520FD1C96004E8F82;
			remoteInfo = Dreamer;
		};
		C512E61A20FD1C97004E8F82 /* PBXContainerItemProxy */ = {
			isa = PBXContainerItemProxy;
			containerPortal = C512E5EE20FD1C96004E8F82 /* Project object */;
			proxyType = 1;
			remoteGlobalIDString = C512E5F520FD1C96004E8F82;
			remoteInfo = Dreamer;
		};
/* End PBXContainerItemProxy section */

/* Begin PBXFileReference section */
		C512E5F620FD1C96004E8F82 /* Dreamer.app */ = {isa = PBXFileReference; explicitFileType = wrapper.application; includeInIndex = 0; path = Dreamer.app; sourceTree = BUILT_PRODUCTS_DIR; };
		C512E5F920FD1C96004E8F82 /* AppDelegate.h */ = {isa = PBXFileReference; lastKnownFileType = sourcecode.c.h; path = AppDelegate.h; sourceTree = "<group>"; };
		C512E5FA20FD1C96004E8F82 /* AppDelegate.m */ = {isa = PBXFileReference; lastKnownFileType = sourcecode.c.objc; path = AppDelegate.m; sourceTree = "<group>"; };
		C512E5FC20FD1C96004E8F82 /* ViewController.h */ = {isa = PBXFileReference; lastKnownFileType = sourcecode.c.h; path = ViewController.h; sourceTree = "<group>"; };
		C512E5FD20FD1C96004E8F82 /* ViewController.m */ = {isa = PBXFileReference; lastKnownFileType = sourcecode.c.objc; path = ViewController.m; sourceTree = "<group>"; };
		C512E60020FD1C96004E8F82 /* Base */ = {isa = PBXFileReference; lastKnownFileType = file.storyboard; name = Base; path = Base.lproj/Main.storyboard; sourceTree = "<group>"; };
		C512E60220FD1C97004E8F82 /* Assets.xcassets */ = {isa = PBXFileReference; lastKnownFileType = folder.assetcatalog; path = Assets.xcassets; sourceTree = "<group>"; };
		C512E60520FD1C97004E8F82 /* Base */ = {isa = PBXFileReference; lastKnownFileType = file.storyboard; name = Base; path = Base.lproj/LaunchScreen.storyboard; sourceTree = "<group>"; };
		C512E60720FD1C97004E8F82 /* Info.plist */ = {isa = PBXFileReference; lastKnownFileType = text.plist.xml; path = Info.plist; sourceTree = "<group>"; };
		C512E60820FD1C97004E8F82 /* main.m */ = {isa = PBXFileReference; lastKnownFileType = sourcecode.c.objc; path = main.m; sourceTree = "<group>"; };
		C512E60E20FD1C97004E8F82 /* DreamerTests.xctest */ = {isa = PBXFileReference; explicitFileType = wrapper.cfbundle; includeInIndex = 0; path = DreamerTests.xctest; sourceTree = BUILT_PRODUCTS_DIR; };
		C512E61220FD1C97004E8F82 /* DreamerTests.m */ = {isa = PBXFileReference; lastKnownFileType = sourcecode.c.objc; path = DreamerTests.m; sourceTree = "<group>"; };
		C512E61420FD1C97004E8F82 /* Info.plist */ = {isa = PBXFileReference; lastKnownFileType = text.plist.xml; path = Info.plist; sourceTree = "<group>"; };
		C512E61920FD1C97004E8F82 /* DreamerUITests.xctest */ = {isa = PBXFileReference; explicitFileType = wrapper.cfbundle; includeInIndex = 0; path = DreamerUITests.xctest; sourceTree = BUILT_PRODUCTS_DIR; };
		C512E61D20FD1C97004E8F82 /* DreamerUITests.m */ = {isa = PBXFileReference; lastKnownFileType = sourcecode.c.objc; path = DreamerUITests.m; sourceTree = "<group>"; };
		C512E61F20FD1C97004E8F82 /* Info.plist */ = {isa = PBXFileReference; lastKnownFileType = text.plist.xml; path = Info.plist; sourceTree = "<group>"; };
		C53CFDED21004CE000A8EF6A /* user_icon.png */ = {isa = PBXFileReference; lastKnownFileType = image.png; path = user_icon.png; sourceTree = "<group>"; };
		C53CFDF12104F19400A8EF6A /* mainViewController.h */ = {isa = PBXFileReference; lastKnownFileType = sourcecode.c.h; path = mainViewController.h; sourceTree = "<group>"; };
		C53CFDF22104F19400A8EF6A /* mainViewController.m */ = {isa = PBXFileReference; lastKnownFileType = sourcecode.c.objc; path = mainViewController.m; sourceTree = "<group>"; };
		C53CFDFB210511D600A8EF6A /* mainFeedTableViewCell.xib */ = {isa = PBXFileReference; lastKnownFileType = file.xib; path = mainFeedTableViewCell.xib; sourceTree = "<group>"; };
		C53CFDFD2105127200A8EF6A /* mainFeedTableViewCell.h */ = {isa = PBXFileReference; lastKnownFileType = sourcecode.c.h; path = mainFeedTableViewCell.h; sourceTree = "<group>"; };
		C53CFDFE2105127200A8EF6A /* mainFeedTableViewCell.m */ = {isa = PBXFileReference; lastKnownFileType = sourcecode.c.objc; path = mainFeedTableViewCell.m; sourceTree = "<group>"; };
		C53CFE002106A36A00A8EF6A /* globe_Dreamer.png */ = {isa = PBXFileReference; lastKnownFileType = image.png; path = globe_Dreamer.png; sourceTree = "<group>"; };
		C54F3566211E0E9100251551 /* heart.png */ = {isa = PBXFileReference; lastKnownFileType = image.png; path = heart.png; sourceTree = "<group>"; };
		C54F3568211E0E9500251551 /* redo.png */ = {isa = PBXFileReference; lastKnownFileType = image.png; path = redo.png; sourceTree = "<group>"; };
		C574FA2321080604000881D1 /* user-icon.png */ = {isa = PBXFileReference; lastKnownFileType = image.png; path = "user-icon.png"; sourceTree = "<group>"; };
		C5819CBD211B4F740008160C /* back_button.png */ = {isa = PBXFileReference; lastKnownFileType = image.png; path = back_button.png; sourceTree = "<group>"; };
		C5868E50210A70A300E46C44 /* RootViewController.h */ = {isa = PBXFileReference; lastKnownFileType = sourcecode.c.h; path = RootViewController.h; sourceTree = "<group>"; };
		C5868E51210A70A300E46C44 /* RootViewController.m */ = {isa = PBXFileReference; lastKnownFileType = sourcecode.c.objc; path = RootViewController.m; sourceTree = "<group>"; };
		C5944CD4211C9A8400533059 /* UserViewOfProfileViewController.h */ = {isa = PBXFileReference; lastKnownFileType = sourcecode.c.h; path = UserViewOfProfileViewController.h; sourceTree = "<group>"; };
		C5944CD5211C9A8400533059 /* UserViewOfProfileViewController.m */ = {isa = PBXFileReference; lastKnownFileType = sourcecode.c.objc; path = UserViewOfProfileViewController.m; sourceTree = "<group>"; };
		C5AB8A41211D1FCF0050D130 /* SignInViewController.h */ = {isa = PBXFileReference; lastKnownFileType = sourcecode.c.h; path = SignInViewController.h; sourceTree = "<group>"; };
		C5AB8A42211D1FCF0050D130 /* SignInViewController.m */ = {isa = PBXFileReference; lastKnownFileType = sourcecode.c.objc; path = SignInViewController.m; sourceTree = "<group>"; };
		C5AB8A44211D23BD0050D130 /* CreateNewAccountViewController.h */ = {isa = PBXFileReference; lastKnownFileType = sourcecode.c.h; path = CreateNewAccountViewController.h; sourceTree = "<group>"; };
		C5AB8A45211D23BD0050D130 /* CreateNewAccountViewController.m */ = {isa = PBXFileReference; lastKnownFileType = sourcecode.c.objc; path = CreateNewAccountViewController.m; sourceTree = "<group>"; };
		C5C2475D211B8E1900598D5E /* CampaignPageViewController.h */ = {isa = PBXFileReference; lastKnownFileType = sourcecode.c.h; path = CampaignPageViewController.h; sourceTree = "<group>"; };
		C5C2475E211B8E1900598D5E /* CampaignPageViewController.m */ = {isa = PBXFileReference; lastKnownFileType = sourcecode.c.objc; path = CampaignPageViewController.m; sourceTree = "<group>"; };
		C5CB58EA2112B8400088B04A /* ExternalContent_Location_1.storyboard */ = {isa = PBXFileReference; lastKnownFileType = file.storyboard; path = ExternalContent_Location_1.storyboard; sourceTree = "<group>"; };
		C5CB58EC2112BBD80088B04A /* CreateCampaignViewController.h */ = {isa = PBXFileReference; lastKnownFileType = sourcecode.c.h; path = CreateCampaignViewController.h; sourceTree = "<group>"; };
		C5CB58ED2112BBD80088B04A /* CreateCampaignViewController.m */ = {isa = PBXFileReference; lastKnownFileType = sourcecode.c.objc; path = CreateCampaignViewController.m; sourceTree = "<group>"; };
		C5CDEB572107B1450021807E /* ProfileViewController.h */ = {isa = PBXFileReference; lastKnownFileType = sourcecode.c.h; path = ProfileViewController.h; sourceTree = "<group>"; };
		C5CDEB582107B1450021807E /* ProfileViewController.m */ = {isa = PBXFileReference; lastKnownFileType = sourcecode.c.objc; path = ProfileViewController.m; sourceTree = "<group>"; };
		C5CDEB5A2107B28D0021807E /* ProfileTableViewCell.h */ = {isa = PBXFileReference; lastKnownFileType = sourcecode.c.h; path = ProfileTableViewCell.h; sourceTree = "<group>"; };
		C5CDEB5B2107B28D0021807E /* ProfileTableViewCell.m */ = {isa = PBXFileReference; lastKnownFileType = sourcecode.c.objc; path = ProfileTableViewCell.m; sourceTree = "<group>"; };
		C5CDEB5C2107B28D0021807E /* ProfileTableViewCell.xib */ = {isa = PBXFileReference; lastKnownFileType = file.xib; path = ProfileTableViewCell.xib; sourceTree = "<group>"; };
		C5E84B3C211CC5DC00CCD4F1 /* ContributeViewController.h */ = {isa = PBXFileReference; lastKnownFileType = sourcecode.c.h; path = ContributeViewController.h; sourceTree = "<group>"; };
		C5E84B3D211CC5DC00CCD4F1 /* ContributeViewController.m */ = {isa = PBXFileReference; lastKnownFileType = sourcecode.c.objc; path = ContributeViewController.m; sourceTree = "<group>"; };
		C5FAA663211A31AF0069F9AE /* PortfolioViewController.h */ = {isa = PBXFileReference; lastKnownFileType = sourcecode.c.h; path = PortfolioViewController.h; sourceTree = "<group>"; };
		C5FAA664211A31AF0069F9AE /* PortfolioViewController.m */ = {isa = PBXFileReference; lastKnownFileType = sourcecode.c.objc; path = PortfolioViewController.m; sourceTree = "<group>"; };
		C5FAA668211A35030069F9AE /* ContributorsTableViewCell.h */ = {isa = PBXFileReference; lastKnownFileType = sourcecode.c.h; path = ContributorsTableViewCell.h; sourceTree = "<group>"; };
		C5FAA669211A35030069F9AE /* ContributorsTableViewCell.m */ = {isa = PBXFileReference; lastKnownFileType = sourcecode.c.objc; path = ContributorsTableViewCell.m; sourceTree = "<group>"; };
		C5FAA66A211A35030069F9AE /* ContributorsTableViewCell.xib */ = {isa = PBXFileReference; lastKnownFileType = file.xib; path = ContributorsTableViewCell.xib; sourceTree = "<group>"; };
/* End PBXFileReference section */

/* Begin PBXFrameworksBuildPhase section */
		C512E5F320FD1C96004E8F82 /* Frameworks */ = {
			isa = PBXFrameworksBuildPhase;
			buildActionMask = 2147483647;
			files = (
			);
			runOnlyForDeploymentPostprocessing = 0;
		};
		C512E60B20FD1C97004E8F82 /* Frameworks */ = {
			isa = PBXFrameworksBuildPhase;
			buildActionMask = 2147483647;
			files = (
			);
			runOnlyForDeploymentPostprocessing = 0;
		};
		C512E61620FD1C97004E8F82 /* Frameworks */ = {
			isa = PBXFrameworksBuildPhase;
			buildActionMask = 2147483647;
			files = (
			);
			runOnlyForDeploymentPostprocessing = 0;
		};
/* End PBXFrameworksBuildPhase section */

/* Begin PBXGroup section */
		C512E5ED20FD1C96004E8F82 = {
			isa = PBXGroup;
			children = (
				C512E5F820FD1C96004E8F82 /* Dreamer */,
				C512E61120FD1C97004E8F82 /* DreamerTests */,
				C512E61C20FD1C97004E8F82 /* DreamerUITests */,
				C512E5F720FD1C96004E8F82 /* Products */,
			);
			sourceTree = "<group>";
		};
		C512E5F720FD1C96004E8F82 /* Products */ = {
			isa = PBXGroup;
			children = (
				C512E5F620FD1C96004E8F82 /* Dreamer.app */,
				C512E60E20FD1C97004E8F82 /* DreamerTests.xctest */,
				C512E61920FD1C97004E8F82 /* DreamerUITests.xctest */,
			);
			name = Products;
			sourceTree = "<group>";
		};
		C512E5F820FD1C96004E8F82 /* Dreamer */ = {
			isa = PBXGroup;
			children = (
				C512E5F920FD1C96004E8F82 /* AppDelegate.h */,
				C512E5FA20FD1C96004E8F82 /* AppDelegate.m */,
				C512E5FC20FD1C96004E8F82 /* ViewController.h */,
				C512E5FD20FD1C96004E8F82 /* ViewController.m */,
				C5FAA663211A31AF0069F9AE /* PortfolioViewController.h */,
				C5FAA664211A31AF0069F9AE /* PortfolioViewController.m */,
				C5C2475D211B8E1900598D5E /* CampaignPageViewController.h */,
				C5C2475E211B8E1900598D5E /* CampaignPageViewController.m */,
				C512E5FF20FD1C96004E8F82 /* Main.storyboard */,
				C5CB58EA2112B8400088B04A /* ExternalContent_Location_1.storyboard */,
				C5AB8A44211D23BD0050D130 /* CreateNewAccountViewController.h */,
				C5AB8A45211D23BD0050D130 /* CreateNewAccountViewController.m */,
				C5AB8A41211D1FCF0050D130 /* SignInViewController.h */,
				C5AB8A42211D1FCF0050D130 /* SignInViewController.m */,
				C5E84B3C211CC5DC00CCD4F1 /* ContributeViewController.h */,
				C5E84B3D211CC5DC00CCD4F1 /* ContributeViewController.m */,
				C5944CD4211C9A8400533059 /* UserViewOfProfileViewController.h */,
				C5944CD5211C9A8400533059 /* UserViewOfProfileViewController.m */,
				C5CB58EC2112BBD80088B04A /* CreateCampaignViewController.h */,
				C5CB58ED2112BBD80088B04A /* CreateCampaignViewController.m */,
				C5868E50210A70A300E46C44 /* RootViewController.h */,
				C5868E51210A70A300E46C44 /* RootViewController.m */,
				C53CFDFB210511D600A8EF6A /* mainFeedTableViewCell.xib */,
				C53CFDFD2105127200A8EF6A /* mainFeedTableViewCell.h */,
				C53CFDFE2105127200A8EF6A /* mainFeedTableViewCell.m */,
				C53CFDF12104F19400A8EF6A /* mainViewController.h */,
				C53CFDF22104F19400A8EF6A /* mainViewController.m */,
				C5CDEB5A2107B28D0021807E /* ProfileTableViewCell.h */,
				C5CDEB5B2107B28D0021807E /* ProfileTableViewCell.m */,
				C5CDEB5C2107B28D0021807E /* ProfileTableViewCell.xib */,
				C5FAA668211A35030069F9AE /* ContributorsTableViewCell.h */,
				C5FAA669211A35030069F9AE /* ContributorsTableViewCell.m */,
				C5FAA66A211A35030069F9AE /* ContributorsTableViewCell.xib */,
				C5CDEB572107B1450021807E /* ProfileViewController.h */,
				C5CDEB582107B1450021807E /* ProfileViewController.m */,
				C512E60220FD1C97004E8F82 /* Assets.xcassets */,
				C512E60420FD1C97004E8F82 /* LaunchScreen.storyboard */,
				C512E60720FD1C97004E8F82 /* Info.plist */,
				C512E60820FD1C97004E8F82 /* main.m */,
				C54F3568211E0E9500251551 /* redo.png */,
				C54F3566211E0E9100251551 /* heart.png */,
				C5819CBD211B4F740008160C /* back_button.png */,
				C53CFDED21004CE000A8EF6A /* user_icon.png */,
				C53CFE002106A36A00A8EF6A /* globe_Dreamer.png */,
				C574FA2321080604000881D1 /* user-icon.png */,
			);
			path = Dreamer;
			sourceTree = "<group>";
		};
		C512E61120FD1C97004E8F82 /* DreamerTests */ = {
			isa = PBXGroup;
			children = (
				C512E61220FD1C97004E8F82 /* DreamerTests.m */,
				C512E61420FD1C97004E8F82 /* Info.plist */,
			);
			path = DreamerTests;
			sourceTree = "<group>";
		};
		C512E61C20FD1C97004E8F82 /* DreamerUITests */ = {
			isa = PBXGroup;
			children = (
				C512E61D20FD1C97004E8F82 /* DreamerUITests.m */,
				C512E61F20FD1C97004E8F82 /* Info.plist */,
			);
			path = DreamerUITests;
			sourceTree = "<group>";
		};
/* End PBXGroup section */

/* Begin PBXNativeTarget section */
		C512E5F520FD1C96004E8F82 /* Dreamer */ = {
			isa = PBXNativeTarget;
			buildConfigurationList = C512E62220FD1C97004E8F82 /* Build configuration list for PBXNativeTarget "Dreamer" */;
			buildPhases = (
				C512E5F220FD1C96004E8F82 /* Sources */,
				C512E5F320FD1C96004E8F82 /* Frameworks */,
				C512E5F420FD1C96004E8F82 /* Resources */,
			);
			buildRules = (
			);
			dependencies = (
			);
			name = Dreamer;
			productName = Dreamer;
			productReference = C512E5F620FD1C96004E8F82 /* Dreamer.app */;
			productType = "com.apple.product-type.application";
		};
		C512E60D20FD1C97004E8F82 /* DreamerTests */ = {
			isa = PBXNativeTarget;
			buildConfigurationList = C512E62520FD1C97004E8F82 /* Build configuration list for PBXNativeTarget "DreamerTests" */;
			buildPhases = (
				C512E60A20FD1C97004E8F82 /* Sources */,
				C512E60B20FD1C97004E8F82 /* Frameworks */,
				C512E60C20FD1C97004E8F82 /* Resources */,
			);
			buildRules = (
			);
			dependencies = (
				C512E61020FD1C97004E8F82 /* PBXTargetDependency */,
			);
			name = DreamerTests;
			productName = DreamerTests;
			productReference = C512E60E20FD1C97004E8F82 /* DreamerTests.xctest */;
			productType = "com.apple.product-type.bundle.unit-test";
		};
		C512E61820FD1C97004E8F82 /* DreamerUITests */ = {
			isa = PBXNativeTarget;
			buildConfigurationList = C512E62820FD1C97004E8F82 /* Build configuration list for PBXNativeTarget "DreamerUITests" */;
			buildPhases = (
				C512E61520FD1C97004E8F82 /* Sources */,
				C512E61620FD1C97004E8F82 /* Frameworks */,
				C512E61720FD1C97004E8F82 /* Resources */,
			);
			buildRules = (
			);
			dependencies = (
				C512E61B20FD1C97004E8F82 /* PBXTargetDependency */,
			);
			name = DreamerUITests;
			productName = DreamerUITests;
			productReference = C512E61920FD1C97004E8F82 /* DreamerUITests.xctest */;
			productType = "com.apple.product-type.bundle.ui-testing";
		};
/* End PBXNativeTarget section */

/* Begin PBXProject section */
		C512E5EE20FD1C96004E8F82 /* Project object */ = {
			isa = PBXProject;
			attributes = {
				LastUpgradeCheck = 0940;
				ORGANIZATIONNAME = "Eric Rhodes";
				TargetAttributes = {
					C512E5F520FD1C96004E8F82 = {
						CreatedOnToolsVersion = 9.4;
					};
					C512E60D20FD1C97004E8F82 = {
						CreatedOnToolsVersion = 9.4;
						TestTargetID = C512E5F520FD1C96004E8F82;
					};
					C512E61820FD1C97004E8F82 = {
						CreatedOnToolsVersion = 9.4;
						TestTargetID = C512E5F520FD1C96004E8F82;
					};
				};
			};
			buildConfigurationList = C512E5F120FD1C96004E8F82 /* Build configuration list for PBXProject "Dreamer" */;
			compatibilityVersion = "Xcode 9.3";
			developmentRegion = en;
			hasScannedForEncodings = 0;
			knownRegions = (
				en,
				Base,
			);
			mainGroup = C512E5ED20FD1C96004E8F82;
			productRefGroup = C512E5F720FD1C96004E8F82 /* Products */;
			projectDirPath = "";
			projectRoot = "";
			targets = (
				C512E5F520FD1C96004E8F82 /* Dreamer */,
				C512E60D20FD1C97004E8F82 /* DreamerTests */,
				C512E61820FD1C97004E8F82 /* DreamerUITests */,
			);
		};
/* End PBXProject section */

/* Begin PBXResourcesBuildPhase section */
		C512E5F420FD1C96004E8F82 /* Resources */ = {
			isa = PBXResourcesBuildPhase;
			buildActionMask = 2147483647;
			files = (
				C5819CBE211B4F740008160C /* back_button.png in Resources */,
				C53CFDFC210511D600A8EF6A /* mainFeedTableViewCell.xib in Resources */,
				C512E60620FD1C97004E8F82 /* LaunchScreen.storyboard in Resources */,
				C512E60320FD1C97004E8F82 /* Assets.xcassets in Resources */,
				C54F3567211E0E9200251551 /* heart.png in Resources */,
				C5FAA66C211A35030069F9AE /* ContributorsTableViewCell.xib in Resources */,
				C5CDEB5E2107B28D0021807E /* ProfileTableViewCell.xib in Resources */,
				C54F3569211E0E9500251551 /* redo.png in Resources */,
				C512E60120FD1C96004E8F82 /* Main.storyboard in Resources */,
				C5CB58EB2112B8400088B04A /* ExternalContent_Location_1.storyboard in Resources */,
				C574FA2421080604000881D1 /* user-icon.png in Resources */,
				C53CFE012106A36A00A8EF6A /* globe_Dreamer.png in Resources */,
				C53CFDEE21004CE000A8EF6A /* user_icon.png in Resources */,
			);
			runOnlyForDeploymentPostprocessing = 0;
		};
		C512E60C20FD1C97004E8F82 /* Resources */ = {
			isa = PBXResourcesBuildPhase;
			buildActionMask = 2147483647;
			files = (
				C53CFDEF21004CE000A8EF6A /* user_icon.png in Resources */,
			);
			runOnlyForDeploymentPostprocessing = 0;
		};
		C512E61720FD1C97004E8F82 /* Resources */ = {
			isa = PBXResourcesBuildPhase;
			buildActionMask = 2147483647;
			files = (
				C53CFDF021004CE000A8EF6A /* user_icon.png in Resources */,
			);
			runOnlyForDeploymentPostprocessing = 0;
		};
/* End PBXResourcesBuildPhase section */

/* Begin PBXSourcesBuildPhase section */
		C512E5F220FD1C96004E8F82 /* Sources */ = {
			isa = PBXSourcesBuildPhase;
			buildActionMask = 2147483647;
			files = (
				C512E5FE20FD1C96004E8F82 /* ViewController.m in Sources */,
				C5CB58EE2112BBD80088B04A /* CreateCampaignViewController.m in Sources */,
				C53CFDFF2105127200A8EF6A /* mainFeedTableViewCell.m in Sources */,
				C5C2475F211B8E1900598D5E /* CampaignPageViewController.m in Sources */,
				C5FAA665211A31AF0069F9AE /* PortfolioViewController.m in Sources */,
				C5E84B3E211CC5DC00CCD4F1 /* ContributeViewController.m in Sources */,
				C5944CD6211C9A8400533059 /* UserViewOfProfileViewController.m in Sources */,
				C5868E52210A70A300E46C44 /* RootViewController.m in Sources */,
				C5CDEB5D2107B28D0021807E /* ProfileTableViewCell.m in Sources */,
				C512E60920FD1C97004E8F82 /* main.m in Sources */,
				C5AB8A46211D23BD0050D130 /* CreateNewAccountViewController.m in Sources */,
				C5AB8A43211D1FCF0050D130 /* SignInViewController.m in Sources */,
				C512E5FB20FD1C96004E8F82 /* AppDelegate.m in Sources */,
				C5CDEB592107B1450021807E /* ProfileViewController.m in Sources */,
				C53CFDF32104F19400A8EF6A /* mainViewController.m in Sources */,
				C5FAA66B211A35030069F9AE /* ContributorsTableViewCell.m in Sources */,
			);
			runOnlyForDeploymentPostprocessing = 0;
		};
		C512E60A20FD1C97004E8F82 /* Sources */ = {
			isa = PBXSourcesBuildPhase;
			buildActionMask = 2147483647;
			files = (
				C512E61320FD1C97004E8F82 /* DreamerTests.m in Sources */,
			);
			runOnlyForDeploymentPostprocessing = 0;
		};
		C512E61520FD1C97004E8F82 /* Sources */ = {
			isa = PBXSourcesBuildPhase;
			buildActionMask = 2147483647;
			files = (
				C512E61E20FD1C97004E8F82 /* DreamerUITests.m in Sources */,
			);
			runOnlyForDeploymentPostprocessing = 0;
		};
/* End PBXSourcesBuildPhase section */

/* Begin PBXTargetDependency section */
		C512E61020FD1C97004E8F82 /* PBXTargetDependency */ = {
			isa = PBXTargetDependency;
			target = C512E5F520FD1C96004E8F82 /* Dreamer */;
			targetProxy = C512E60F20FD1C97004E8F82 /* PBXContainerItemProxy */;
		};
		C512E61B20FD1C97004E8F82 /* PBXTargetDependency */ = {
			isa = PBXTargetDependency;
			target = C512E5F520FD1C96004E8F82 /* Dreamer */;
			targetProxy = C512E61A20FD1C97004E8F82 /* PBXContainerItemProxy */;
		};
/* End PBXTargetDependency section */

/* Begin PBXVariantGroup section */
		C512E5FF20FD1C96004E8F82 /* Main.storyboard */ = {
			isa = PBXVariantGroup;
			children = (
				C512E60020FD1C96004E8F82 /* Base */,
			);
			name = Main.storyboard;
			sourceTree = "<group>";
		};
		C512E60420FD1C97004E8F82 /* LaunchScreen.storyboard */ = {
			isa = PBXVariantGroup;
			children = (
				C512E60520FD1C97004E8F82 /* Base */,
			);
			name = LaunchScreen.storyboard;
			sourceTree = "<group>";
		};
/* End PBXVariantGroup section */

/* Begin XCBuildConfiguration section */
		C512E62020FD1C97004E8F82 /* Debug */ = {
			isa = XCBuildConfiguration;
			buildSettings = {
				ALWAYS_SEARCH_USER_PATHS = NO;
				CLANG_ANALYZER_NONNULL = YES;
				CLANG_ANALYZER_NUMBER_OBJECT_CONVERSION = YES_AGGRESSIVE;
				CLANG_CXX_LANGUAGE_STANDARD = "gnu++14";
				CLANG_CXX_LIBRARY = "libc++";
				CLANG_ENABLE_MODULES = YES;
				CLANG_ENABLE_OBJC_ARC = YES;
				CLANG_ENABLE_OBJC_WEAK = YES;
				CLANG_WARN_BLOCK_CAPTURE_AUTORELEASING = YES;
				CLANG_WARN_BOOL_CONVERSION = YES;
				CLANG_WARN_COMMA = YES;
				CLANG_WARN_CONSTANT_CONVERSION = YES;
				CLANG_WARN_DEPRECATED_OBJC_IMPLEMENTATIONS = YES;
				CLANG_WARN_DIRECT_OBJC_ISA_USAGE = YES_ERROR;
				CLANG_WARN_DOCUMENTATION_COMMENTS = YES;
				CLANG_WARN_EMPTY_BODY = YES;
				CLANG_WARN_ENUM_CONVERSION = YES;
				CLANG_WARN_INFINITE_RECURSION = YES;
				CLANG_WARN_INT_CONVERSION = YES;
				CLANG_WARN_NON_LITERAL_NULL_CONVERSION = YES;
				CLANG_WARN_OBJC_IMPLICIT_RETAIN_SELF = YES;
				CLANG_WARN_OBJC_LITERAL_CONVERSION = YES;
				CLANG_WARN_OBJC_ROOT_CLASS = YES_ERROR;
				CLANG_WARN_RANGE_LOOP_ANALYSIS = YES;
				CLANG_WARN_STRICT_PROTOTYPES = YES;
				CLANG_WARN_SUSPICIOUS_MOVE = YES;
				CLANG_WARN_UNGUARDED_AVAILABILITY = YES_AGGRESSIVE;
				CLANG_WARN_UNREACHABLE_CODE = YES;
				CLANG_WARN__DUPLICATE_METHOD_MATCH = YES;
				CODE_SIGN_IDENTITY = "iPhone Developer";
				COPY_PHASE_STRIP = NO;
				DEBUG_INFORMATION_FORMAT = dwarf;
				ENABLE_STRICT_OBJC_MSGSEND = YES;
				ENABLE_TESTABILITY = YES;
				GCC_C_LANGUAGE_STANDARD = gnu11;
				GCC_DYNAMIC_NO_PIC = NO;
				GCC_NO_COMMON_BLOCKS = YES;
				GCC_OPTIMIZATION_LEVEL = 0;
				GCC_PREPROCESSOR_DEFINITIONS = (
					"DEBUG=1",
					"$(inherited)",
				);
				GCC_WARN_64_TO_32_BIT_CONVERSION = YES;
				GCC_WARN_ABOUT_RETURN_TYPE = YES_ERROR;
				GCC_WARN_UNDECLARED_SELECTOR = YES;
				GCC_WARN_UNINITIALIZED_AUTOS = YES_AGGRESSIVE;
				GCC_WARN_UNUSED_FUNCTION = YES;
				GCC_WARN_UNUSED_VARIABLE = YES;
				IPHONEOS_DEPLOYMENT_TARGET = 8.0;
				MTL_ENABLE_DEBUG_INFO = YES;
				ONLY_ACTIVE_ARCH = YES;
				SDKROOT = iphoneos;
			};
			name = Debug;
		};
		C512E62120FD1C97004E8F82 /* Release */ = {
			isa = XCBuildConfiguration;
			buildSettings = {
				ALWAYS_SEARCH_USER_PATHS = NO;
				CLANG_ANALYZER_NONNULL = YES;
				CLANG_ANALYZER_NUMBER_OBJECT_CONVERSION = YES_AGGRESSIVE;
				CLANG_CXX_LANGUAGE_STANDARD = "gnu++14";
				CLANG_CXX_LIBRARY = "libc++";
				CLANG_ENABLE_MODULES = YES;
				CLANG_ENABLE_OBJC_ARC = YES;
				CLANG_ENABLE_OBJC_WEAK = YES;
				CLANG_WARN_BLOCK_CAPTURE_AUTORELEASING = YES;
				CLANG_WARN_BOOL_CONVERSION = YES;
				CLANG_WARN_COMMA = YES;
				CLANG_WARN_CONSTANT_CONVERSION = YES;
				CLANG_WARN_DEPRECATED_OBJC_IMPLEMENTATIONS = YES;
				CLANG_WARN_DIRECT_OBJC_ISA_USAGE = YES_ERROR;
				CLANG_WARN_DOCUMENTATION_COMMENTS = YES;
				CLANG_WARN_EMPTY_BODY = YES;
				CLANG_WARN_ENUM_CONVERSION = YES;
				CLANG_WARN_INFINITE_RECURSION = YES;
				CLANG_WARN_INT_CONVERSION = YES;
				CLANG_WARN_NON_LITERAL_NULL_CONVERSION = YES;
				CLANG_WARN_OBJC_IMPLICIT_RETAIN_SELF = YES;
				CLANG_WARN_OBJC_LITERAL_CONVERSION = YES;
				CLANG_WARN_OBJC_ROOT_CLASS = YES_ERROR;
				CLANG_WARN_RANGE_LOOP_ANALYSIS = YES;
				CLANG_WARN_STRICT_PROTOTYPES = YES;
				CLANG_WARN_SUSPICIOUS_MOVE = YES;
				CLANG_WARN_UNGUARDED_AVAILABILITY = YES_AGGRESSIVE;
				CLANG_WARN_UNREACHABLE_CODE = YES;
				CLANG_WARN__DUPLICATE_METHOD_MATCH = YES;
				CODE_SIGN_IDENTITY = "iPhone Developer";
				COPY_PHASE_STRIP = NO;
				DEBUG_INFORMATION_FORMAT = "dwarf-with-dsym";
				ENABLE_NS_ASSERTIONS = NO;
				ENABLE_STRICT_OBJC_MSGSEND = YES;
				GCC_C_LANGUAGE_STANDARD = gnu11;
				GCC_NO_COMMON_BLOCKS = YES;
				GCC_WARN_64_TO_32_BIT_CONVERSION = YES;
				GCC_WARN_ABOUT_RETURN_TYPE = YES_ERROR;
				GCC_WARN_UNDECLARED_SELECTOR = YES;
				GCC_WARN_UNINITIALIZED_AUTOS = YES_AGGRESSIVE;
				GCC_WARN_UNUSED_FUNCTION = YES;
				GCC_WARN_UNUSED_VARIABLE = YES;
				IPHONEOS_DEPLOYMENT_TARGET = 8.0;
				MTL_ENABLE_DEBUG_INFO = NO;
				SDKROOT = iphoneos;
				VALIDATE_PRODUCT = YES;
			};
			name = Release;
		};
		C512E62320FD1C97004E8F82 /* Debug */ = {
			isa = XCBuildConfiguration;
			buildSettings = {
				ASSETCATALOG_COMPILER_APPICON_NAME = AppIcon;
				CODE_SIGN_STYLE = Automatic;
				DEVELOPMENT_TEAM = G442MF557V;
				INFOPLIST_FILE = Dreamer/Info.plist;
				IPHONEOS_DEPLOYMENT_TARGET = 8.0;
				LD_RUNPATH_SEARCH_PATHS = (
					"$(inherited)",
					"@executable_path/Frameworks",
				);
				PRODUCT_BUNDLE_IDENTIFIER = "Eric-Rhodes.Dreamer";
				PRODUCT_NAME = "$(TARGET_NAME)";
				TARGETED_DEVICE_FAMILY = "1,2";
			};
			name = Debug;
		};
		C512E62420FD1C97004E8F82 /* Release */ = {
			isa = XCBuildConfiguration;
			buildSettings = {
				ASSETCATALOG_COMPILER_APPICON_NAME = AppIcon;
				CODE_SIGN_STYLE = Automatic;
				DEVELOPMENT_TEAM = G442MF557V;
				INFOPLIST_FILE = Dreamer/Info.plist;
				IPHONEOS_DEPLOYMENT_TARGET = 8.0;
				LD_RUNPATH_SEARCH_PATHS = (
					"$(inherited)",
					"@executable_path/Frameworks",
				);
				PRODUCT_BUNDLE_IDENTIFIER = "Eric-Rhodes.Dreamer";
				PRODUCT_NAME = "$(TARGET_NAME)";
				TARGETED_DEVICE_FAMILY = "1,2";
			};
			name = Release;
		};
		C512E62620FD1C97004E8F82 /* Debug */ = {
			isa = XCBuildConfiguration;
			buildSettings = {
				BUNDLE_LOADER = "$(TEST_HOST)";
				CODE_SIGN_STYLE = Automatic;
				DEVELOPMENT_TEAM = G442MF557V;
				INFOPLIST_FILE = DreamerTests/Info.plist;
				LD_RUNPATH_SEARCH_PATHS = (
					"$(inherited)",
					"@executable_path/Frameworks",
					"@loader_path/Frameworks",
				);
				PRODUCT_BUNDLE_IDENTIFIER = "Eric-Rhodes.DreamerTests";
				PRODUCT_NAME = "$(TARGET_NAME)";
				TARGETED_DEVICE_FAMILY = "1,2";
				TEST_HOST = "$(BUILT_PRODUCTS_DIR)/Dreamer.app/Dreamer";
			};
			name = Debug;
		};
		C512E62720FD1C97004E8F82 /* Release */ = {
			isa = XCBuildConfiguration;
			buildSettings = {
				BUNDLE_LOADER = "$(TEST_HOST)";
				CODE_SIGN_STYLE = Automatic;
				DEVELOPMENT_TEAM = G442MF557V;
				INFOPLIST_FILE = DreamerTests/Info.plist;
				LD_RUNPATH_SEARCH_PATHS = (
					"$(inherited)",
					"@executable_path/Frameworks",
					"@loader_path/Frameworks",
				);
				PRODUCT_BUNDLE_IDENTIFIER = "Eric-Rhodes.DreamerTests";
				PRODUCT_NAME = "$(TARGET_NAME)";
				TARGETED_DEVICE_FAMILY = "1,2";
				TEST_HOST = "$(BUILT_PRODUCTS_DIR)/Dreamer.app/Dreamer";
			};
			name = Release;
		};
		C512E62920FD1C97004E8F82 /* Debug */ = {
			isa = XCBuildConfiguration;
			buildSettings = {
				CODE_SIGN_STYLE = Automatic;
				DEVELOPMENT_TEAM = G442MF557V;
				INFOPLIST_FILE = DreamerUITests/Info.plist;
				LD_RUNPATH_SEARCH_PATHS = (
					"$(inherited)",
					"@executable_path/Frameworks",
					"@loader_path/Frameworks",
				);
				PRODUCT_BUNDLE_IDENTIFIER = "Eric-Rhodes.DreamerUITests";
				PRODUCT_NAME = "$(TARGET_NAME)";
				TARGETED_DEVICE_FAMILY = "1,2";
				TEST_TARGET_NAME = Dreamer;
			};
			name = Debug;
		};
		C512E62A20FD1C97004E8F82 /* Release */ = {
			isa = XCBuildConfiguration;
			buildSettings = {
				CODE_SIGN_STYLE = Automatic;
				DEVELOPMENT_TEAM = G442MF557V;
				INFOPLIST_FILE = DreamerUITests/Info.plist;
				LD_RUNPATH_SEARCH_PATHS = (
					"$(inherited)",
					"@executable_path/Frameworks",
					"@loader_path/Frameworks",
				);
				PRODUCT_BUNDLE_IDENTIFIER = "Eric-Rhodes.DreamerUITests";
				PRODUCT_NAME = "$(TARGET_NAME)";
				TARGETED_DEVICE_FAMILY = "1,2";
				TEST_TARGET_NAME = Dreamer;
			};
			name = Release;
		};
/* End XCBuildConfiguration section */

/* Begin XCConfigurationList section */
		C512E5F120FD1C96004E8F82 /* Build configuration list for PBXProject "Dreamer" */ = {
			isa = XCConfigurationList;
			buildConfigurations = (
				C512E62020FD1C97004E8F82 /* Debug */,
				C512E62120FD1C97004E8F82 /* Release */,
			);
			defaultConfigurationIsVisible = 0;
			defaultConfigurationName = Release;
		};
		C512E62220FD1C97004E8F82 /* Build configuration list for PBXNativeTarget "Dreamer" */ = {
			isa = XCConfigurationList;
			buildConfigurations = (
				C512E62320FD1C97004E8F82 /* Debug */,
				C512E62420FD1C97004E8F82 /* Release */,
			);
			defaultConfigurationIsVisible = 0;
			defaultConfigurationName = Release;
		};
		C512E62520FD1C97004E8F82 /* Build configuration list for PBXNativeTarget "DreamerTests" */ = {
			isa = XCConfigurationList;
			buildConfigurations = (
				C512E62620FD1C97004E8F82 /* Debug */,
				C512E62720FD1C97004E8F82 /* Release */,
			);
			defaultConfigurationIsVisible = 0;
			defaultConfigurationName = Release;
		};
		C512E62820FD1C97004E8F82 /* Build configuration list for PBXNativeTarget "DreamerUITests" */ = {
			isa = XCConfigurationList;
			buildConfigurations = (
				C512E62920FD1C97004E8F82 /* Debug */,
				C512E62A20FD1C97004E8F82 /* Release */,
			);
			defaultConfigurationIsVisible = 0;
			defaultConfigurationName = Release;
		};
/* End XCConfigurationList section */
	};
	rootObject = C512E5EE20FD1C96004E8F82 /* Project object */;
}
